
Microsoft Visual Studio Solution File, Format Version 12.00
# Visual Studio Version 16
VisualStudioVersion = 16.0.31105.61
MinimumVisualStudioVersion = 10.0.40219.1
Project("{888888A0-9F3D-457C-B088-3A5042F75D52}") = "MapTesting", "MapTesting.pyproj", "{4D2B797C-7EF6-4D02-99CF-F087508E1465}"
EndProject
Global
	GlobalSection(SolutionConfigurationPlatforms) = preSolution
		Debug|Any CPU = Debug|Any CPU
		Release|Any CPU = Release|Any CPU
	EndGlobalSection
	GlobalSection(ProjectConfigurationPlatforms) = postSolution
		{4D2B797C-7EF6-4D02-99CF-F087508E1465}.Debug|Any CPU.ActiveCfg = Debug|Any CPU
		{4D2B797C-7EF6-4D02-99CF-F087508E1465}.Release|Any CPU.ActiveCfg = Release|Any CPU
	EndGlobalSection
	GlobalSection(SolutionProperties) = preSolution
		HideSolutionNode = FALSE
	EndGlobalSection
	GlobalSection(ExtensibilityGlobals) = postSolution
		SolutionGuid = {8A612C3B-F92F-4262-9E23-1AD3C5637713}
	EndGlobalSection
EndGlobal
